
Microsoft Visual Studio Solution File, Format Version 12.00
# Visual Studio Version 16
VisualStudioVersion = 16.0.30309.148
MinimumVisualStudioVersion = 10.0.40219.1
Project("{9A19103F-16F7-4668-BE54-9A1E7A4F7556}") = "Redis.Cmd", "Redis.Cmd\Redis.Cmd.csproj", "{23AC65A4-3CD5-4C2F-BD61-E8C27FE72AA6}"
EndProject
Project("{9A19103F-16F7-4668-BE54-9A1E7A4F7556}") = "Redis.Web", "Redis.Web\Redis.Web.csproj", "{E6330DEB-B838-4DAE-A653-AAF14A1B3CB0}"
EndProject
Global
	GlobalSection(SolutionConfigurationPlatforms) = preSolution
		Debug|Any CPU = Debug|Any CPU
		Release|Any CPU = Release|Any CPU
	EndGlobalSection
	GlobalSection(ProjectConfigurationPlatforms) = postSolution
		{23AC65A4-3CD5-4C2F-BD61-E8C27FE72AA6}.Debug|Any CPU.ActiveCfg = Debug|Any CPU
		{23AC65A4-3CD5-4C2F-BD61-E8C27FE72AA6}.Debug|Any CPU.Build.0 = Debug|Any CPU
		{23AC65A4-3CD5-4C2F-BD61-E8C27FE72AA6}.Release|Any CPU.ActiveCfg = Release|Any CPU
		{23AC65A4-3CD5-4C2F-BD61-E8C27FE72AA6}.Release|Any CPU.Build.0 = Release|Any CPU
		{E6330DEB-B838-4DAE-A653-AAF14A1B3CB0}.Debug|Any CPU.ActiveCfg = Debug|Any CPU
		{E6330DEB-B838-4DAE-A653-AAF14A1B3CB0}.Debug|Any CPU.Build.0 = Debug|Any CPU
		{E6330DEB-B838-4DAE-A653-AAF14A1B3CB0}.Release|Any CPU.ActiveCfg = Release|Any CPU
		{E6330DEB-B838-4DAE-A653-AAF14A1B3CB0}.Release|Any CPU.Build.0 = Release|Any CPU
	EndGlobalSection
	GlobalSection(SolutionProperties) = preSolution
		HideSolutionNode = FALSE
	EndGlobalSection
	GlobalSection(ExtensibilityGlobals) = postSolution
		SolutionGuid = {A72909E9-E8CA-42F5-BD03-361FE0C64CB4}
	EndGlobalSection
EndGlobal
