
Microsoft Visual Studio Solution File, Format Version 12.00
# Visual Studio Version 16
VisualStudioVersion = 16.0.30309.148
MinimumVisualStudioVersion = 10.0.40219.1
Project("{FAE04EC0-301F-11D3-BF4B-00C04F79EFBC}") = "ServiceBus.Sender", "ServiceBus.Sender\ServiceBus.Sender.csproj", "{0C2C9A1A-6732-4103-85AD-BA8320330485}"
EndProject
Project("{FAE04EC0-301F-11D3-BF4B-00C04F79EFBC}") = "ServiceBus.Listener", "ServiceBus.Listener\ServiceBus.Listener.csproj", "{A5908C26-CB0D-4D96-A22B-6EDF84FB0C78}"
EndProject
Global
	GlobalSection(SolutionConfigurationPlatforms) = preSolution
		Debug|Any CPU = Debug|Any CPU
		Release|Any CPU = Release|Any CPU
	EndGlobalSection
	GlobalSection(ProjectConfigurationPlatforms) = postSolution
		{0C2C9A1A-6732-4103-85AD-BA8320330485}.Debug|Any CPU.ActiveCfg = Debug|Any CPU
		{0C2C9A1A-6732-4103-85AD-BA8320330485}.Debug|Any CPU.Build.0 = Debug|Any CPU
		{0C2C9A1A-6732-4103-85AD-BA8320330485}.Release|Any CPU.ActiveCfg = Release|Any CPU
		{0C2C9A1A-6732-4103-85AD-BA8320330485}.Release|Any CPU.Build.0 = Release|Any CPU
		{A5908C26-CB0D-4D96-A22B-6EDF84FB0C78}.Debug|Any CPU.ActiveCfg = Debug|Any CPU
		{A5908C26-CB0D-4D96-A22B-6EDF84FB0C78}.Debug|Any CPU.Build.0 = Debug|Any CPU
		{A5908C26-CB0D-4D96-A22B-6EDF84FB0C78}.Release|Any CPU.ActiveCfg = Release|Any CPU
		{A5908C26-CB0D-4D96-A22B-6EDF84FB0C78}.Release|Any CPU.Build.0 = Release|Any CPU
	EndGlobalSection
	GlobalSection(SolutionProperties) = preSolution
		HideSolutionNode = FALSE
	EndGlobalSection
	GlobalSection(ExtensibilityGlobals) = postSolution
		SolutionGuid = {8104CD86-CB2A-4982-8355-F6068F12A6B4}
	EndGlobalSection
EndGlobal
